
Microsoft Visual Studio Solution File, Format Version 12.00
# Visual Studio 14
VisualStudioVersion = 14.0.25420.1
MinimumVisualStudioVersion = 10.0.40219.1
Project("{8BB2217D-0F2D-49D1-97BC-3654ED321F3B}") = "DiceShow.App", "DiceShow.App\DiceShow.App.xproj", "{B3B15225-8094-4CAC-B95E-EC24B047344D}"
EndProject
Project("{8BB2217D-0F2D-49D1-97BC-3654ED321F3B}") = "DiceShow.Model", "DiceShow.Model\DiceShow.Model.xproj", "{8380E04F-18A9-4740-9FCC-3997C2388103}"
EndProject
Project("{8BB2217D-0F2D-49D1-97BC-3654ED321F3B}") = "DiceShow.Ops", "DiceShow.Ops\DiceShow.Ops.xproj", "{18B040F5-3B8D-4A0D-A425-8E528B2B90C2}"
EndProject
Project("{8BB2217D-0F2D-49D1-97BC-3654ED321F3B}") = "DiceShow.Storage", "DiceShow.Storage\DiceShow.Storage.xproj", "{267E994E-7CB7-4D0A-8C95-67CDA14A3DC6}"
EndProject
Project("{8BB2217D-0F2D-49D1-97BC-3654ED321F3B}") = "DiceShow.Test", "DiceShow.Test\DiceShow.Test.xproj", "{FA83F68B-3D50-49FF-AB32-849A5F75CC90}"
EndProject
Project("{2150E333-8FDC-42A3-9474-1A3956D46DE8}") = "Solution Items", "Solution Items", "{E4697E6D-7D09-4686-A9B4-D08CE3FEE6BD}"
	ProjectSection(SolutionItems) = preProject
		README.md = README.md
	EndProjectSection
EndProject
Global
	GlobalSection(SolutionConfigurationPlatforms) = preSolution
		Debug|Any CPU = Debug|Any CPU
		Release|Any CPU = Release|Any CPU
	EndGlobalSection
	GlobalSection(ProjectConfigurationPlatforms) = postSolution
		{B3B15225-8094-4CAC-B95E-EC24B047344D}.Debug|Any CPU.ActiveCfg = Debug|Any CPU
		{B3B15225-8094-4CAC-B95E-EC24B047344D}.Debug|Any CPU.Build.0 = Debug|Any CPU
		{B3B15225-8094-4CAC-B95E-EC24B047344D}.Release|Any CPU.ActiveCfg = Release|Any CPU
		{B3B15225-8094-4CAC-B95E-EC24B047344D}.Release|Any CPU.Build.0 = Release|Any CPU
		{8380E04F-18A9-4740-9FCC-3997C2388103}.Debug|Any CPU.ActiveCfg = Debug|Any CPU
		{8380E04F-18A9-4740-9FCC-3997C2388103}.Debug|Any CPU.Build.0 = Debug|Any CPU
		{8380E04F-18A9-4740-9FCC-3997C2388103}.Release|Any CPU.ActiveCfg = Release|Any CPU
		{8380E04F-18A9-4740-9FCC-3997C2388103}.Release|Any CPU.Build.0 = Release|Any CPU
		{18B040F5-3B8D-4A0D-A425-8E528B2B90C2}.Debug|Any CPU.ActiveCfg = Debug|Any CPU
		{18B040F5-3B8D-4A0D-A425-8E528B2B90C2}.Debug|Any CPU.Build.0 = Debug|Any CPU
		{18B040F5-3B8D-4A0D-A425-8E528B2B90C2}.Release|Any CPU.ActiveCfg = Release|Any CPU
		{18B040F5-3B8D-4A0D-A425-8E528B2B90C2}.Release|Any CPU.Build.0 = Release|Any CPU
		{267E994E-7CB7-4D0A-8C95-67CDA14A3DC6}.Debug|Any CPU.ActiveCfg = Debug|Any CPU
		{267E994E-7CB7-4D0A-8C95-67CDA14A3DC6}.Debug|Any CPU.Build.0 = Debug|Any CPU
		{267E994E-7CB7-4D0A-8C95-67CDA14A3DC6}.Release|Any CPU.ActiveCfg = Release|Any CPU
		{267E994E-7CB7-4D0A-8C95-67CDA14A3DC6}.Release|Any CPU.Build.0 = Release|Any CPU
		{FA83F68B-3D50-49FF-AB32-849A5F75CC90}.Debug|Any CPU.ActiveCfg = Debug|Any CPU
		{FA83F68B-3D50-49FF-AB32-849A5F75CC90}.Debug|Any CPU.Build.0 = Debug|Any CPU
		{FA83F68B-3D50-49FF-AB32-849A5F75CC90}.Release|Any CPU.ActiveCfg = Release|Any CPU
		{FA83F68B-3D50-49FF-AB32-849A5F75CC90}.Release|Any CPU.Build.0 = Release|Any CPU
	EndGlobalSection
	GlobalSection(SolutionProperties) = preSolution
		HideSolutionNode = FALSE
	EndGlobalSection
EndGlobal
